
Microsoft Visual Studio Solution File, Format Version 12.00
# Visual Studio Version 17
VisualStudioVersion = 17.4.33213.308
MinimumVisualStudioVersion = 10.0.40219.1
Project("{8BC9CEB8-8B4A-11D0-8D11-00A0C91BC942}") = "MPIHelloWorld", "MPIHelloWorld\MPIHelloWorld.vcxproj", "{191C2EA8-60C0-4C77-894A-F1A28B4BB716}"
EndProject
Project("{8BC9CEB8-8B4A-11D0-8D11-00A0C91BC942}") = "App001", "App001\App001.vcxproj", "{FCBFD1BD-EC62-4639-A383-143EDF4FA232}"
EndProject
Project("{8BC9CEB8-8B4A-11D0-8D11-00A0C91BC942}") = "App002", "App002\App002.vcxproj", "{8AE95BF3-6956-4CA5-A83C-FE92FFA1A8D7}"
EndProject
Project("{8BC9CEB8-8B4A-11D0-8D11-00A0C91BC942}") = "App003", "App003\App003.vcxproj", "{8B579227-2EC2-4289-A622-B67B32B39237}"
EndProject
Project("{8BC9CEB8-8B4A-11D0-8D11-00A0C91BC942}") = "App005", "App005\App005.vcxproj", "{B6E950EA-60D9-44D2-9ED2-A86AF0E46AC3}"
EndProject
Project("{8BC9CEB8-8B4A-11D0-8D11-00A0C91BC942}") = "App006", "App006\App006.vcxproj", "{1A0CAD2C-EAB2-4102-8C07-13FFE4C66E08}"
EndProject
Project("{8BC9CEB8-8B4A-11D0-8D11-00A0C91BC942}") = "Challenge001", "Challenge001\Challenge001.vcxproj", "{011A4D8A-DCE5-4EF4-9696-087B8B44D0C6}"
EndProject
Project("{8BC9CEB8-8B4A-11D0-8D11-00A0C91BC942}") = "Challenge002", "Challenge002\Challenge002.vcxproj", "{916131A0-2E95-4FDC-88AA-BBC07C95108E}"
EndProject
Global
	GlobalSection(SolutionConfigurationPlatforms) = preSolution
		Debug|x64 = Debug|x64
		Debug|x86 = Debug|x86
		Release|x64 = Release|x64
		Release|x86 = Release|x86
	EndGlobalSection
	GlobalSection(ProjectConfigurationPlatforms) = postSolution
		{191C2EA8-60C0-4C77-894A-F1A28B4BB716}.Debug|x64.ActiveCfg = Debug|x64
		{191C2EA8-60C0-4C77-894A-F1A28B4BB716}.Debug|x64.Build.0 = Debug|x64
		{191C2EA8-60C0-4C77-894A-F1A28B4BB716}.Debug|x86.ActiveCfg = Debug|Win32
		{191C2EA8-60C0-4C77-894A-F1A28B4BB716}.Debug|x86.Build.0 = Debug|Win32
		{191C2EA8-60C0-4C77-894A-F1A28B4BB716}.Release|x64.ActiveCfg = Release|x64
		{191C2EA8-60C0-4C77-894A-F1A28B4BB716}.Release|x64.Build.0 = Release|x64
		{191C2EA8-60C0-4C77-894A-F1A28B4BB716}.Release|x86.ActiveCfg = Release|Win32
		{191C2EA8-60C0-4C77-894A-F1A28B4BB716}.Release|x86.Build.0 = Release|Win32
		{FCBFD1BD-EC62-4639-A383-143EDF4FA232}.Debug|x64.ActiveCfg = Debug|x64
		{FCBFD1BD-EC62-4639-A383-143EDF4FA232}.Debug|x64.Build.0 = Debug|x64
		{FCBFD1BD-EC62-4639-A383-143EDF4FA232}.Debug|x86.ActiveCfg = Debug|Win32
		{FCBFD1BD-EC62-4639-A383-143EDF4FA232}.Debug|x86.Build.0 = Debug|Win32
		{FCBFD1BD-EC62-4639-A383-143EDF4FA232}.Release|x64.ActiveCfg = Release|x64
		{FCBFD1BD-EC62-4639-A383-143EDF4FA232}.Release|x64.Build.0 = Release|x64
		{FCBFD1BD-EC62-4639-A383-143EDF4FA232}.Release|x86.ActiveCfg = Release|Win32
		{FCBFD1BD-EC62-4639-A383-143EDF4FA232}.Release|x86.Build.0 = Release|Win32
		{8AE95BF3-6956-4CA5-A83C-FE92FFA1A8D7}.Debug|x64.ActiveCfg = Debug|x64
		{8AE95BF3-6956-4CA5-A83C-FE92FFA1A8D7}.Debug|x64.Build.0 = Debug|x64
		{8AE95BF3-6956-4CA5-A83C-FE92FFA1A8D7}.Debug|x86.ActiveCfg = Debug|Win32
		{8AE95BF3-6956-4CA5-A83C-FE92FFA1A8D7}.Debug|x86.Build.0 = Debug|Win32
		{8AE95BF3-6956-4CA5-A83C-FE92FFA1A8D7}.Release|x64.ActiveCfg = Release|x64
		{8AE95BF3-6956-4CA5-A83C-FE92FFA1A8D7}.Release|x64.Build.0 = Release|x64
		{8AE95BF3-6956-4CA5-A83C-FE92FFA1A8D7}.Release|x86.ActiveCfg = Release|Win32
		{8AE95BF3-6956-4CA5-A83C-FE92FFA1A8D7}.Release|x86.Build.0 = Release|Win32
		{8B579227-2EC2-4289-A622-B67B32B39237}.Debug|x64.ActiveCfg = Debug|x64
		{8B579227-2EC2-4289-A622-B67B32B39237}.Debug|x64.Build.0 = Debug|x64
		{8B579227-2EC2-4289-A622-B67B32B39237}.Debug|x86.ActiveCfg = Debug|Win32
		{8B579227-2EC2-4289-A622-B67B32B39237}.Debug|x86.Build.0 = Debug|Win32
		{8B579227-2EC2-4289-A622-B67B32B39237}.Release|x64.ActiveCfg = Release|x64
		{8B579227-2EC2-4289-A622-B67B32B39237}.Release|x64.Build.0 = Release|x64
		{8B579227-2EC2-4289-A622-B67B32B39237}.Release|x86.ActiveCfg = Release|Win32
		{8B579227-2EC2-4289-A622-B67B32B39237}.Release|x86.Build.0 = Release|Win32
		{B6E950EA-60D9-44D2-9ED2-A86AF0E46AC3}.Debug|x64.ActiveCfg = Debug|x64
		{B6E950EA-60D9-44D2-9ED2-A86AF0E46AC3}.Debug|x64.Build.0 = Debug|x64
		{B6E950EA-60D9-44D2-9ED2-A86AF0E46AC3}.Debug|x86.ActiveCfg = Debug|Win32
		{B6E950EA-60D9-44D2-9ED2-A86AF0E46AC3}.Debug|x86.Build.0 = Debug|Win32
		{B6E950EA-60D9-44D2-9ED2-A86AF0E46AC3}.Release|x64.ActiveCfg = Release|x64
		{B6E950EA-60D9-44D2-9ED2-A86AF0E46AC3}.Release|x64.Build.0 = Release|x64
		{B6E950EA-60D9-44D2-9ED2-A86AF0E46AC3}.Release|x86.ActiveCfg = Release|Win32
		{B6E950EA-60D9-44D2-9ED2-A86AF0E46AC3}.Release|x86.Build.0 = Release|Win32
		{1A0CAD2C-EAB2-4102-8C07-13FFE4C66E08}.Debug|x64.ActiveCfg = Debug|x64
		{1A0CAD2C-EAB2-4102-8C07-13FFE4C66E08}.Debug|x64.Build.0 = Debug|x64
		{1A0CAD2C-EAB2-4102-8C07-13FFE4C66E08}.Debug|x86.ActiveCfg = Debug|Win32
		{1A0CAD2C-EAB2-4102-8C07-13FFE4C66E08}.Debug|x86.Build.0 = Debug|Win32
		{1A0CAD2C-EAB2-4102-8C07-13FFE4C66E08}.Release|x64.ActiveCfg = Release|x64
		{1A0CAD2C-EAB2-4102-8C07-13FFE4C66E08}.Release|x64.Build.0 = Release|x64
		{1A0CAD2C-EAB2-4102-8C07-13FFE4C66E08}.Release|x86.ActiveCfg = Release|Win32
		{1A0CAD2C-EAB2-4102-8C07-13FFE4C66E08}.Release|x86.Build.0 = Release|Win32
		{011A4D8A-DCE5-4EF4-9696-087B8B44D0C6}.Debug|x64.ActiveCfg = Debug|x64
		{011A4D8A-DCE5-4EF4-9696-087B8B44D0C6}.Debug|x64.Build.0 = Debug|x64
		{011A4D8A-DCE5-4EF4-9696-087B8B44D0C6}.Debug|x86.ActiveCfg = Debug|Win32
		{011A4D8A-DCE5-4EF4-9696-087B8B44D0C6}.Debug|x86.Build.0 = Debug|Win32
		{011A4D8A-DCE5-4EF4-9696-087B8B44D0C6}.Release|x64.ActiveCfg = Release|x64
		{011A4D8A-DCE5-4EF4-9696-087B8B44D0C6}.Release|x64.Build.0 = Release|x64
		{011A4D8A-DCE5-4EF4-9696-087B8B44D0C6}.Release|x86.ActiveCfg = Release|Win32
		{011A4D8A-DCE5-4EF4-9696-087B8B44D0C6}.Release|x86.Build.0 = Release|Win32
		{916131A0-2E95-4FDC-88AA-BBC07C95108E}.Debug|x64.ActiveCfg = Debug|x64
		{916131A0-2E95-4FDC-88AA-BBC07C95108E}.Debug|x64.Build.0 = Debug|x64
		{916131A0-2E95-4FDC-88AA-BBC07C95108E}.Debug|x86.ActiveCfg = Debug|Win32
		{916131A0-2E95-4FDC-88AA-BBC07C95108E}.Debug|x86.Build.0 = Debug|Win32
		{916131A0-2E95-4FDC-88AA-BBC07C95108E}.Release|x64.ActiveCfg = Release|x64
		{916131A0-2E95-4FDC-88AA-BBC07C95108E}.Release|x64.Build.0 = Release|x64
		{916131A0-2E95-4FDC-88AA-BBC07C95108E}.Release|x86.ActiveCfg = Release|Win32
		{916131A0-2E95-4FDC-88AA-BBC07C95108E}.Release|x86.Build.0 = Release|Win32
	EndGlobalSection
	GlobalSection(SolutionProperties) = preSolution
		HideSolutionNode = FALSE
	EndGlobalSection
	GlobalSection(ExtensibilityGlobals) = postSolution
		SolutionGuid = {BF9B9977-22F5-4F73-9C00-19E8197CA100}
	EndGlobalSection
EndGlobal
